
Microsoft Visual Studio Solution File, Format Version 12.00
# Visual Studio Version 17
VisualStudioVersion = 17.0.31903.59
MinimumVisualStudioVersion = 10.0.40219.1
Project("{9A19103F-16F7-4668-BE54-9A1E7A4F7556}") = "Assignment02_07_He160021", "Assignment02_07_He160021\Assignment02_07_He160021.csproj", "{BEF618FA-07CB-4BCC-8780-A2142F31907A}"
EndProject
Global
	GlobalSection(SolutionConfigurationPlatforms) = preSolution
		Debug|Any CPU = Debug|Any CPU
		Release|Any CPU = Release|Any CPU
	EndGlobalSection
	GlobalSection(ProjectConfigurationPlatforms) = postSolution
		{BEF618FA-07CB-4BCC-8780-A2142F31907A}.Debug|Any CPU.ActiveCfg = Debug|Any CPU
		{BEF618FA-07CB-4BCC-8780-A2142F31907A}.Debug|Any CPU.Build.0 = Debug|Any CPU
		{BEF618FA-07CB-4BCC-8780-A2142F31907A}.Release|Any CPU.ActiveCfg = Release|Any CPU
		{BEF618FA-07CB-4BCC-8780-A2142F31907A}.Release|Any CPU.Build.0 = Release|Any CPU
	EndGlobalSection
	GlobalSection(SolutionProperties) = preSolution
		HideSolutionNode = FALSE
	EndGlobalSection
	GlobalSection(ExtensibilityGlobals) = postSolution
		SolutionGuid = {B4C38FC9-6549-4496-84C7-EBBB86BA3527}
	EndGlobalSection
EndGlobal
